<?xml version="1.0" encoding="utf-8"?>
<Project ToolsVersion="4.0" xmlns="http://schemas.microsoft.com/developer/msbuild/2003">
  <ItemGroup>
    <ClCompile Include="..\Smoke.cpp" />
    <ClCompile Include="..\..\..\IGraphics\IControl.cpp">
      <Filter>IGraphics</Filter>
    </ClCompile>
    <ClCompile Include="..\..\..\IGraphics\IGraphics.cpp">
      <Filter>IGraphics</Filter>
    </ClCompile>
    <ClCompile Include="..\..\..\IGraphics\IGraphicsEditorDelegate.cpp">
      <Filter>IGraphics</Filter>
    </ClCompile>
    <ClCompile Include="..\..\..\IGraphics\Drawing\IGraphicsNanoVG.cpp">
      <Filter>IGraphics\Drawing</Filter>
    </ClCompile>
    <ClCompile Include="..\..\..\IGraphics\Platforms\IGraphicsWin.cpp">
      <Filter>IGraphics\Platform</Filter>
    </ClCompile>
    <ClCompile Include="..\..\..\IPlug\IPlugAPIBase.cpp">
      <Filter>IPlug</Filter>
    </ClCompile>
    <ClCompile Include="..\..\..\IPlug\IPlugParameter.cpp">
      <Filter>IPlug</Filter>
    </ClCompile>
    <ClCompile Include="..\..\..\IPlug\IPlugPluginBase.cpp">
      <Filter>IPlug</Filter>
    </ClCompile>
    <ClCompile Include="..\..\..\IPlug\IPlugProcessor.cpp">
      <Filter>IPlug</Filter>
    </ClCompile>
    <ClCompile Include="..\..\..\IPlug\IPlugTimer.cpp">
      <Filter>IPlug</Filter>
    </ClCompile>
    <ClCompile Include="..\..\..\IPlug\APP\IPlugAPP.cpp">
      <Filter>IPlug\APP</Filter>
    </ClCompile>
    <ClCompile Include="..\..\..\IPlug\APP\IPlugAPP_dialog.cpp">
      <Filter>IPlug\APP</Filter>
    </ClCompile>
    <ClCompile Include="..\..\..\IPlug\APP\IPlugAPP_host.cpp">
      <Filter>IPlug\APP</Filter>
    </ClCompile>
    <ClCompile Include="..\..\..\IPlug\APP\IPlugAPP_main.cpp">
      <Filter>IPlug\APP</Filter>
    </ClCompile>
    <ClCompile Include="..\..\..\Dependencies\IPlug\RTAudio\RtAudio.cpp">
      <Filter>IPlug\APP\RTAudioMidi</Filter>
    </ClCompile>
    <ClCompile Include="..\..\..\Dependencies\IPlug\RTMidi\RtMidi.cpp">
      <Filter>IPlug\APP\RTAudioMidi</Filter>
    </ClCompile>
    <ClCompile Include="..\..\..\Dependencies\IPlug\RTAudio\include\asio.cpp">
      <Filter>IPlug\APP\RTAudioMidi\include</Filter>
    </ClCompile>
    <ClCompile Include="..\..\..\Dependencies\IPlug\RTAudio\include\asiodrivers.cpp">
      <Filter>IPlug\APP\RTAudioMidi\include</Filter>
    </ClCompile>
    <ClCompile Include="..\..\..\Dependencies\IPlug\RTAudio\include\asiolist.cpp">
      <Filter>IPlug\APP\RTAudioMidi\include</Filter>
    </ClCompile>
    <ClCompile Include="..\..\..\Dependencies\IPlug\RTAudio\include\iasiothiscallresolver.cpp">
      <Filter>IPlug\APP\RTAudioMidi\include</Filter>
    </ClCompile>
    <ClCompile Include="..\..\..\IGraphics\Controls\IControls.cpp">
      <Filter>IGraphics\Controls</Filter>
    </ClCompile>
    <ClCompile Include="..\..\..\IGraphics\Controls\IPopupMenuControl.cpp">
      <Filter>IGraphics\Controls</Filter>
    </ClCompile>
    <ClCompile Include="..\..\..\IGraphics\Controls\ITextEntryControl.cpp">
      <Filter>IGraphics\Controls</Filter>
    </ClCompile>
    <ClCompile Include="..\..\..\IPlug\IPlugPaths.cpp">
      <Filter>IPlug</Filter>
    </ClCompile>
    <ClCompile Include="..\..\..\IGraphics\Drawing\IGraphicsSkia.cpp">
      <Filter>IGraphics\Drawing</Filter>
    </ClCompile>
    <ClCompile Include="..\stmlib\dsp\atan.cc">
      <Filter>stmlib</Filter>
    </ClCompile>
    <ClCompile Include="..\stmlib\dsp\units.cc">
      <Filter>stmlib</Filter>
    </ClCompile>
    <ClCompile Include="..\stmlib\utils\random.cc">
      <Filter>stmlib</Filter>
    </ClCompile>
    <ClCompile Include="..\clouds\dsp\correlator.cc">
      <Filter>clouds</Filter>
    </ClCompile>
    <ClCompile Include="..\clouds\dsp\granular_processor.cc">
      <Filter>clouds</Filter>
    </ClCompile>
    <ClCompile Include="..\clouds\dsp\mu_law.cc">
      <Filter>clouds</Filter>
    </ClCompile>
    <ClCompile Include="..\clouds\dsp\pvoc\frame_transformation.cc">
      <Filter>clouds</Filter>
    </ClCompile>
    <ClCompile Include="..\clouds\dsp\pvoc\phase_vocoder.cc">
      <Filter>clouds</Filter>
    </ClCompile>
    <ClCompile Include="..\clouds\dsp\pvoc\stft.cc">
      <Filter>clouds</Filter>
    </ClCompile>
    <ClCompile Include="..\clouds\resources.cc">
      <Filter>clouds</Filter>
    </ClCompile>
  </ItemGroup>
  <ItemGroup>
    <ClInclude Include="..\Smoke.h" />
    <ClInclude Include="..\resources\resource.h">
      <Filter>resources</Filter>
    </ClInclude>
    <ClInclude Include="..\..\..\IGraphics\IControl.h">
      <Filter>IGraphics</Filter>
    </ClInclude>
    <ClInclude Include="..\..\..\IGraphics\IGraphics.h">
      <Filter>IGraphics</Filter>
    </ClInclude>
    <ClInclude Include="..\..\..\IGraphics\IGraphicsConstants.h">
      <Filter>IGraphics</Filter>
    </ClInclude>
    <ClInclude Include="..\..\..\IGraphics\IGraphicsEditorDelegate.h">
      <Filter>IGraphics</Filter>
    </ClInclude>
    <ClInclude Include="..\..\..\IGraphics\IGraphicsLiveEdit.h">
      <Filter>IGraphics</Filter>
    </ClInclude>
    <ClInclude Include="..\..\..\IGraphics\IGraphicsPopupMenu.h">
      <Filter>IGraphics</Filter>
    </ClInclude>
    <ClInclude Include="..\..\..\IGraphics\IGraphicsStructs.h">
      <Filter>IGraphics</Filter>
    </ClInclude>
    <ClInclude Include="..\..\..\IGraphics\IGraphicsPrivate.h">
      <Filter>IGraphics</Filter>
    </ClInclude>
    <ClInclude Include="..\..\..\IGraphics\IGraphicsUtilities.h">
      <Filter>IGraphics</Filter>
    </ClInclude>
    <ClInclude Include="..\..\..\IGraphics\IGraphics_include_in_plug_hdr.h">
      <Filter>IGraphics</Filter>
    </ClInclude>
    <ClInclude Include="..\..\..\IGraphics\IGraphics_include_in_plug_src.h">
      <Filter>IGraphics</Filter>
    </ClInclude>
    <ClInclude Include="..\..\..\IGraphics\IGraphics_select.h">
      <Filter>IGraphics</Filter>
    </ClInclude>
    <ClInclude Include="..\..\..\IGraphics\Drawing\IGraphicsNanoVG.h">
      <Filter>IGraphics\Drawing</Filter>
    </ClInclude>
    <ClInclude Include="..\..\..\IGraphics\Platforms\IGraphicsLinux.h">
      <Filter>IGraphics\Platform</Filter>
    </ClInclude>
    <ClInclude Include="..\..\..\IGraphics\Platforms\IGraphicsMac.h">
      <Filter>IGraphics\Platform</Filter>
    </ClInclude>
    <ClInclude Include="..\..\..\IGraphics\Platforms\IGraphicsMac_view.h">
      <Filter>IGraphics\Platform</Filter>
    </ClInclude>
    <ClInclude Include="..\..\..\IGraphics\Platforms\IGraphicsWeb.h">
      <Filter>IGraphics\Platform</Filter>
    </ClInclude>
    <ClInclude Include="..\..\..\IGraphics\Platforms\IGraphicsWin.h">
      <Filter>IGraphics\Platform</Filter>
    </ClInclude>
    <ClInclude Include="..\..\..\IPlug\IPlugAPIBase.h">
      <Filter>IPlug</Filter>
    </ClInclude>
    <ClInclude Include="..\..\..\IPlug\IPlugConstants.h">
      <Filter>IPlug</Filter>
    </ClInclude>
    <ClInclude Include="..\..\..\IPlug\IPlugEditorDelegate.h">
      <Filter>IPlug</Filter>
    </ClInclude>
    <ClInclude Include="..\..\..\IPlug\IPlugLogger.h">
      <Filter>IPlug</Filter>
    </ClInclude>
    <ClInclude Include="..\..\..\IPlug\IPlugMidi.h">
      <Filter>IPlug</Filter>
    </ClInclude>
    <ClInclude Include="..\..\..\IPlug\IPlugPlatform.h">
      <Filter>IPlug</Filter>
    </ClInclude>
    <ClInclude Include="..\..\..\IPlug\IPlugParameter.h">
      <Filter>IPlug</Filter>
    </ClInclude>
    <ClInclude Include="..\..\..\IPlug\IPlugProcessor.h">
      <Filter>IPlug</Filter>
    </ClInclude>
    <ClInclude Include="..\..\..\IPlug\IPlugStructs.h">
      <Filter>IPlug</Filter>
    </ClInclude>
    <ClInclude Include="..\..\..\IPlug\IPlugTimer.h">
      <Filter>IPlug</Filter>
    </ClInclude>
    <ClInclude Include="..\..\..\IPlug\IPlugUtilities.h">
      <Filter>IPlug</Filter>
    </ClInclude>
    <ClInclude Include="..\..\..\IPlug\IPlug_include_in_plug_hdr.h">
      <Filter>IPlug</Filter>
    </ClInclude>
    <ClInclude Include="..\..\..\IPlug\IPlug_include_in_plug_src.h">
      <Filter>IPlug</Filter>
    </ClInclude>
    <ClInclude Include="../config.h" />
    <ClInclude Include="..\..\..\IPlug\APP\IPlugAPP.h">
      <Filter>IPlug\APP</Filter>
    </ClInclude>
    <ClInclude Include="..\..\..\IPlug\APP\IPlugAPP_host.h">
      <Filter>IPlug\APP</Filter>
    </ClInclude>
    <ClInclude Include="..\..\..\Dependencies\IPlug\RTAudio\RtAudio.h">
      <Filter>IPlug\APP\RTAudioMidi</Filter>
    </ClInclude>
    <ClInclude Include="..\..\..\Dependencies\IPlug\RTMidi\RtMidi.h">
      <Filter>IPlug\APP\RTAudioMidi</Filter>
    </ClInclude>
    <ClInclude Include="..\..\..\Dependencies\IPlug\RTAudio\include\asio.h">
      <Filter>IPlug\APP\RTAudioMidi\include</Filter>
    </ClInclude>
    <ClInclude Include="..\..\..\Dependencies\IPlug\RTAudio\include\asiodrivers.h">
      <Filter>IPlug\APP\RTAudioMidi\include</Filter>
    </ClInclude>
    <ClInclude Include="..\..\..\Dependencies\IPlug\RTAudio\include\asiodrvr.h">
      <Filter>IPlug\APP\RTAudioMidi\include</Filter>
    </ClInclude>
    <ClInclude Include="..\..\..\Dependencies\IPlug\RTAudio\include\asiolist.h">
      <Filter>IPlug\APP\RTAudioMidi\include</Filter>
    </ClInclude>
    <ClInclude Include="..\..\..\Dependencies\IPlug\RTAudio\include\asiosys.h">
      <Filter>IPlug\APP\RTAudioMidi\include</Filter>
    </ClInclude>
    <ClInclude Include="..\..\..\Dependencies\IPlug\RTAudio\include\dsound.h">
      <Filter>IPlug\APP\RTAudioMidi\include</Filter>
    </ClInclude>
    <ClInclude Include="..\..\..\Dependencies\IPlug\RTAudio\include\functiondiscoverykeys_devpkey.h">
      <Filter>IPlug\APP\RTAudioMidi\include</Filter>
    </ClInclude>
    <ClInclude Include="..\..\..\Dependencies\IPlug\RTAudio\include\ginclude.h">
      <Filter>IPlug\APP\RTAudioMidi\include</Filter>
    </ClInclude>
    <ClInclude Include="..\..\..\Dependencies\IPlug\RTAudio\include\iasiodrv.h">
      <Filter>IPlug\APP\RTAudioMidi\include</Filter>
    </ClInclude>
    <ClInclude Include="..\..\..\Dependencies\IPlug\RTAudio\include\iasiothiscallresolver.h">
      <Filter>IPlug\APP\RTAudioMidi\include</Filter>
    </ClInclude>
    <ClInclude Include="..\..\..\Dependencies\IPlug\RTAudio\include\soundcard.h">
      <Filter>IPlug\APP\RTAudioMidi\include</Filter>
    </ClInclude>
    <ClInclude Include="..\..\..\IGraphics\Controls\IControls.h">
      <Filter>IGraphics\Controls</Filter>
    </ClInclude>
    <ClInclude Include="..\..\..\IGraphics\Controls\IFPSDisplayControl.h">
      <Filter>IGraphics\Controls</Filter>
    </ClInclude>
    <ClInclude Include="..\..\..\IGraphics\Controls\IPopupMenuControl.h">
      <Filter>IGraphics\Controls</Filter>
    </ClInclude>
    <ClInclude Include="..\..\..\IGraphics\Controls\IVKeyboardControl.h">
      <Filter>IGraphics\Controls</Filter>
    </ClInclude>
    <ClInclude Include="..\..\..\IGraphics\Controls\IVMeterControl.h">
      <Filter>IGraphics\Controls</Filter>
    </ClInclude>
    <ClInclude Include="..\..\..\IGraphics\Controls\IVMultiSliderControl.h">
      <Filter>IGraphics\Controls</Filter>
    </ClInclude>
    <ClInclude Include="..\..\..\IGraphics\Controls\IVScopeControl.h">
      <Filter>IGraphics\Controls</Filter>
    </ClInclude>
    <ClInclude Include="..\..\..\IGraphics\Controls\ITextEntryControl.h">
      <Filter>IGraphics\Controls</Filter>
    </ClInclude>
    <ClInclude Include="..\..\..\IPlug\IPlugPaths.h">
      <Filter>IPlug</Filter>
    </ClInclude>
    <ClInclude Include="..\..\..\IGraphics\Drawing\IGraphicsSkia.h">
      <Filter>IGraphics\Drawing</Filter>
    </ClInclude>
    <ClInclude Include="..\..\..\IPlug\IPlugPluginBase.h">
      <Filter>IPlug</Filter>
    </ClInclude>
    <ClInclude Include="..\..\..\IGraphics\ISender.h">
      <Filter>IGraphics</Filter>
    </ClInclude>
    <ClInclude Include="..\SA_Math.h" />
    <ClInclude Include="..\SA_Smoke.h" />
    <ClInclude Include="..\SA_Grid.h" />
    <ClInclude Include="..\stmlib\algorithms\note_stack.h">
      <Filter>stmlib</Filter>
    </ClInclude>
    <ClInclude Include="..\stmlib\algorithms\pattern_predictor.h">
      <Filter>stmlib</Filter>
    </ClInclude>
    <ClInclude Include="..\stmlib\algorithms\tiny_map.h">
      <Filter>stmlib</Filter>
    </ClInclude>
    <ClInclude Include="..\stmlib\algorithms\voice_allocator.h">
      <Filter>stmlib</Filter>
    </ClInclude>
    <ClInclude Include="..\stmlib\dsp\atan.h">
      <Filter>stmlib</Filter>
    </ClInclude>
    <ClInclude Include="..\stmlib\dsp\cosine_oscillator.h">
      <Filter>stmlib</Filter>
    </ClInclude>
    <ClInclude Include="..\stmlib\dsp\delay_line.h">
      <Filter>stmlib</Filter>
    </ClInclude>
    <ClInclude Include="..\stmlib\dsp\dsp.h">
      <Filter>stmlib</Filter>
    </ClInclude>
    <ClInclude Include="..\stmlib\dsp\filter.h">
      <Filter>stmlib</Filter>
    </ClInclude>
    <ClInclude Include="..\stmlib\dsp\hysteresis_quantizer.h">
      <Filter>stmlib</Filter>
    </ClInclude>
    <ClInclude Include="..\stmlib\dsp\limiter.h">
      <Filter>stmlib</Filter>
    </ClInclude>
    <ClInclude Include="..\stmlib\dsp\parameter_interpolator.h">
      <Filter>stmlib</Filter>
    </ClInclude>
    <ClInclude Include="..\stmlib\dsp\polyblep.h">
      <Filter>stmlib</Filter>
    </ClInclude>
    <ClInclude Include="..\stmlib\dsp\rsqrt.h">
      <Filter>stmlib</Filter>
    </ClInclude>
    <ClInclude Include="..\stmlib\dsp\sample_rate_converter.h">
      <Filter>stmlib</Filter>
    </ClInclude>
    <ClInclude Include="..\stmlib\dsp\units.h">
      <Filter>stmlib</Filter>
    </ClInclude>
    <ClInclude Include="..\stmlib\fft\shy_fft.h">
      <Filter>stmlib</Filter>
    </ClInclude>
    <ClInclude Include="..\stmlib\midi\midi.h">
      <Filter>stmlib</Filter>
    </ClInclude>
    <ClInclude Include="..\stmlib\stmlib.h">
      <Filter>stmlib</Filter>
    </ClInclude>
    <ClInclude Include="..\stmlib\test\wav_writer.h">
      <Filter>stmlib</Filter>
    </ClInclude>
    <ClInclude Include="..\stmlib\ui\event_queue.h">
      <Filter>stmlib</Filter>
    </ClInclude>
    <ClInclude Include="..\stmlib\utils\buffer_allocator.h">
      <Filter>stmlib</Filter>
    </ClInclude>
    <ClInclude Include="..\stmlib\utils\crc32.h">
      <Filter>stmlib</Filter>
    </ClInclude>
    <ClInclude Include="..\stmlib\utils\dsp.h">
      <Filter>stmlib</Filter>
    </ClInclude>
    <ClInclude Include="..\stmlib\utils\gate_flags.h">
      <Filter>stmlib</Filter>
    </ClInclude>
    <ClInclude Include="..\stmlib\utils\murmurhash3.h">
      <Filter>stmlib</Filter>
    </ClInclude>
    <ClInclude Include="..\stmlib\utils\random.h">
      <Filter>stmlib</Filter>
    </ClInclude>
    <ClInclude Include="..\stmlib\utils\ring_buffer.h">
      <Filter>stmlib</Filter>
    </ClInclude>
    <ClInclude Include="..\stmlib\utils\stream_buffer.h">
      <Filter>stmlib</Filter>
    </ClInclude>
    <ClInclude Include="..\clouds\dsp\audio_buffer.h">
      <Filter>clouds</Filter>
    </ClInclude>
    <ClInclude Include="..\clouds\dsp\correlator.h">
      <Filter>clouds</Filter>
    </ClInclude>
    <ClInclude Include="..\clouds\dsp\frame.h">
      <Filter>clouds</Filter>
    </ClInclude>
    <ClInclude Include="..\clouds\dsp\fx\diffuser.h">
      <Filter>clouds</Filter>
    </ClInclude>
    <ClInclude Include="..\clouds\dsp\fx\fx_engine.h">
      <Filter>clouds</Filter>
    </ClInclude>
    <ClInclude Include="..\clouds\dsp\fx\pitch_shifter.h">
      <Filter>clouds</Filter>
    </ClInclude>
    <ClInclude Include="..\clouds\dsp\fx\reverb.h">
      <Filter>clouds</Filter>
    </ClInclude>
    <ClInclude Include="..\clouds\dsp\grain.h">
      <Filter>clouds</Filter>
    </ClInclude>
    <ClInclude Include="..\clouds\dsp\granular_processor.h">
      <Filter>clouds</Filter>
    </ClInclude>
    <ClInclude Include="..\clouds\dsp\granular_sample_player.h">
      <Filter>clouds</Filter>
    </ClInclude>
    <ClInclude Include="..\clouds\dsp\looping_sample_player.h">
      <Filter>clouds</Filter>
    </ClInclude>
    <ClInclude Include="..\clouds\dsp\mu_law.h">
      <Filter>clouds</Filter>
    </ClInclude>
    <ClInclude Include="..\clouds\dsp\parameters.h">
      <Filter>clouds</Filter>
    </ClInclude>
    <ClInclude Include="..\clouds\dsp\pvoc\frame_transformation.h">
      <Filter>clouds</Filter>
    </ClInclude>
    <ClInclude Include="..\clouds\dsp\pvoc\phase_vocoder.h">
      <Filter>clouds</Filter>
    </ClInclude>
    <ClInclude Include="..\clouds\dsp\pvoc\stft.h">
      <Filter>clouds</Filter>
    </ClInclude>
    <ClInclude Include="..\clouds\dsp\sample_rate_converter.h">
      <Filter>clouds</Filter>
    </ClInclude>
    <ClInclude Include="..\clouds\dsp\window.h">
      <Filter>clouds</Filter>
    </ClInclude>
    <ClInclude Include="..\clouds\dsp\wsola_sample_player.h">
      <Filter>clouds</Filter>
    </ClInclude>
    <ClInclude Include="..\clouds\resources.h">
      <Filter>clouds</Filter>
    </ClInclude>
    <ClInclude Include="..\SmokeSwitch.h" />
    <ClInclude Include="..\dr_wav.h" />
    <ClInclude Include="..\SA_FIlePlayer.h" />
    <ClInclude Include="..\SA_Meter.h" />
    <ClInclude Include="..\SA_Math2.h" />
  </ItemGroup>
  <ItemGroup>
    <Filter Include="resources">
      <UniqueIdentifier>{c6ab0357-34f0-4ae8-8b4f-225dc387b2db}</UniqueIdentifier>
    </Filter>
    <Filter Include="config">
      <UniqueIdentifier>{ece5417b-4823-4518-9381-2660a4319318}</UniqueIdentifier>
    </Filter>
    <Filter Include="IGraphics">
      <UniqueIdentifier>{f0485b61-149d-429f-8802-49cfd67e39b6}</UniqueIdentifier>
    </Filter>
    <Filter Include="IGraphics\Drawing">
      <UniqueIdentifier>{7c74c254-d1c6-4dc4-9e9c-be28ac64e4a7}</UniqueIdentifier>
    </Filter>
    <Filter Include="IGraphics\Platform">
      <UniqueIdentifier>{057e0b3e-1b43-4515-bb87-b1de62694e8e}</UniqueIdentifier>
    </Filter>
    <Filter Include="IGraphics\Controls">
      <UniqueIdentifier>{ae5d91eb-b8dc-471d-8b5a-6c5bf5dfe6f4}</UniqueIdentifier>
    </Filter>
    <Filter Include="IPlug">
      <UniqueIdentifier>{3bd7f71b-e8ed-4d62-8e22-06c09c5c15a1}</UniqueIdentifier>
    </Filter>
    <Filter Include="IPlug\APP">
      <UniqueIdentifier>{13b3737b-7ecf-435c-8da0-08ccf8e2fb84}</UniqueIdentifier>
    </Filter>
    <Filter Include="IPlug\APP\RTAudioMidi">
      <UniqueIdentifier>{e7841f62-a97d-41b6-93d1-ecca8a512d93}</UniqueIdentifier>
    </Filter>
    <Filter Include="IPlug\APP\RTAudioMidi\include">
      <UniqueIdentifier>{649c5de3-b4c2-4de9-8d57-3b1762646259}</UniqueIdentifier>
    </Filter>
    <Filter Include="clouds">
      <UniqueIdentifier>{19d9e247-4fbd-422b-9e7c-bb5e59d37c37}</UniqueIdentifier>
    </Filter>
    <Filter Include="stmlib">
      <UniqueIdentifier>{2d8b494b-e8e3-4e90-9e65-d538ded785eb}</UniqueIdentifier>
    </Filter>
  </ItemGroup>
  <ItemGroup>
    <ResourceCompile Include="..\resources\main.rc">
      <Filter>resources</Filter>
    </ResourceCompile>
  </ItemGroup>
  <ItemGroup>
    <None Include="..\config\Smoke-ios.xcconfig">
      <Filter>config</Filter>
    </None>
    <None Include="..\config\Smoke-web.mk">
      <Filter>config</Filter>
    </None>
    <None Include="..\config\Smoke-mac.xcconfig">
      <Filter>config</Filter>
    </None>
    <None Include="..\config\Smoke-win.props">
      <Filter>config</Filter>
    </None>
  </ItemGroup>
  <ItemGroup>
    <Image Include="..\resources\Smoke.ico">
      <Filter>resources</Filter>
    </Image>
  </ItemGroup>
</Project>